version = 1
revision = 3
requires-python = ">=3.14"

[[package]]
name = "dhi"
version = "1.1.21"
source = { registry = "https://pypi.org/simple" }
sdist = { url = "https://files.pythonhosted.org/packages/6b/8c/4cdeaba3140e6b2491f4904c3ea07e90805967c24bbc0c400489289a406c/dhi-1.1.21.tar.gz", hash = "sha256:390c2e234fca6bd0846264fa2f1af479ec948975831d4fa2224138af2c16f360", size = 142341, upload-time = "2026-02-08T06:59:01.9Z" }
wheels = [
    { url = "https://files.pythonhosted.org/packages/b6/61/91ad5a9df5c50b096d3b2a77dcc2a63a37b3df70e879844b54593c5055fd/dhi-1.1.21-py3-none-any.whl", hash = "sha256:e21feff4996a04c260f1ef083168c7027748a54a45ec43e49b33f7fae57ff4d1", size = 133119, upload-time = "2026-02-08T06:58:59.975Z" },
]

[[package]]
name = "turboapi"
version = "1.0.27"
source = { registry = "https://pypi.org/simple" }
dependencies = [
    { name = "dhi" },
]
sdist = { url = "https://files.pythonhosted.org/packages/50/a3/603179f45fc1804c79ae09f8b548beb59a6b3424e8b6cbb948fc5ce70642/turboapi-1.0.27.tar.gz", hash = "sha256:7353dfec3b337a6a84eced0d91d26b948a1d8ae6c5f36eaae63b8cdcb6fce8a3", size = 135691, upload-time = "2026-04-01T01:16:12.179Z" }
wheels = [
    { url = "https://files.pythonhosted.org/packages/7a/f3/958abf2f600c6cbac6e7feabffe0b108daa38b8e8e15da7323fc27ca2728/turboapi-1.0.27-cp314-cp314-macosx_10_15_universal2.whl", hash = "sha256:e2e5ec0cb54dab6db8900356abf19166952c0982a9a345c3f51416718a892859", size = 375890, upload-time = "2026-04-01T01:16:06.452Z" },
    { url = "https://files.pythonhosted.org/packages/44/5b/0da7465bfda024bcf8ba73d44815400e2a82a9daeb0f0bbfe40909a717bf/turboapi-1.0.27-cp314-cp314-manylinux2014_x86_64.manylinux_2_17_x86_64.whl", hash = "sha256:238e55e94d08e520ba5d153247b4c444f1d80ca28fae2701579f1783131b028b", size = 1363884, upload-time = "2026-04-01T01:16:07.657Z" },
    { url = "https://files.pythonhosted.org/packages/5e/be/3184764e8230dbf3a01a38c59378c8224008d2198f23a1aab886776b760d/turboapi-1.0.27-cp314t-cp314t-macosx_10_15_universal2.whl", hash = "sha256:8ccc0a0e3826fc06c625ca727140583d75a8bc4dc17449515eb9c4850b7fae6b", size = 375728, upload-time = "2026-04-01T01:16:08.951Z" },
    { url = "https://files.pythonhosted.org/packages/38/2b/9edd9551e89701a8b2b3ee4ac2ac7d0189b8dd8d9da8d3efa003041d2ff2/turboapi-1.0.27-cp314t-cp314t-manylinux2014_x86_64.manylinux_2_17_x86_64.whl", hash = "sha256:13b9cf23f2eb3d009b98937d784ba363b41dd7df4a49474473368788a8705626", size = 1366115, upload-time = "2026-04-01T01:16:10.537Z" },
]

[[package]]
name = "turboapi-benchmark"
version = "0.1.0"
source = { virtual = "." }
dependencies = [
    { name = "dhi" },
    { name = "turboapi" },
]

[package.metadata]
requires-dist = [
    { name = "dhi" },
    { name = "turboapi" },
]
