PATH
  remote: ../../../../packages/ruby
  specs:
    spikard (0.8.2)
      rb_sys (~> 0.9)
      websocket-client-simple (~> 0.8)

GEM
  remote: https://rubygems.org/
  specs:
    base64 (0.3.0)
    event_emitter (0.2.6)
    mutex_m (0.3.0)
    rake-compiler-dock (1.10.0)
    rb_sys (0.9.123)
      rake-compiler-dock (= 1.10.0)
    websocket (1.2.11)
    websocket-client-simple (0.9.0)
      base64
      event_emitter
      mutex_m
      websocket

PLATFORMS
  arm64-darwin-25
  ruby

DEPENDENCIES
  spikard!

CHECKSUMS
  base64 (0.3.0) sha256=27337aeabad6ffae05c265c450490628ef3ebd4b67be58257393227588f5a97b
  event_emitter (0.2.6) sha256=c72697bd5cce9d36594be1972c17f1c9a573236f44303a4d1d548080364e1391
  mutex_m (0.3.0) sha256=cfcb04ac16b69c4813777022fdceda24e9f798e48092a2b817eb4c0a782b0751
  rake-compiler-dock (1.10.0) sha256=dd62ee19df2a185a3315697e560cfa8cc9129901332152851e023fab0e94bf11
  rb_sys (0.9.123) sha256=c22ae84d1bca3eec0f13a45ae4ca9ba6eace93d5be270a40a9c0a9a5b92a34e5
  spikard (0.8.2)
  websocket (1.2.11) sha256=b7e7a74e2410b5e85c25858b26b3322f29161e300935f70a0e0d3c35e0462737
  websocket-client-simple (0.9.0) sha256=f9a37c5e4922b35a711e21e6d73ed1e25892efa47d183203ab2f5beb4e563109

BUNDLED WITH
  4.0.2
