{
  "originHash" : "e89740c2240baa7bc1beb5c793a632137902e5ca86d6c502b13e6a015779c4ac",
  "pins" : [
    {
      "identity" : "spikard",
      "kind" : "remoteSourceControl",
      "location" : "https://github.com/Goldziher/spikard.git",
      "state" : {
        "revision" : "e53c9476c8ef7b39cfe6aebf0d1f5cfc44a0d345",
        "version" : "0.15.6-rc.4"
      }
    }
  ],
  "version" : 3
}
